
Microsoft Visual Studio Solution File, Format Version 12.00
# Visual Studio Version 17
VisualStudioVersion = 17.8.34525.116
MinimumVisualStudioVersion = 10.0.40219.1
Project("{FAE04EC0-301F-11D3-BF4B-00C04F79EFBC}") = "XIRRPlugin", "XIRRPlugin.csproj", "{DAEC6958-E1A2-4630-96C5-D98CFB0D89D9}"
EndProject
Global
	GlobalSection(SolutionConfigurationPlatforms) = preSolution
		Debug|Any CPU = Debug|Any CPU
		Release|Any CPU = Release|Any CPU
	EndGlobalSection
	GlobalSection(ProjectConfigurationPlatforms) = postSolution
		{DAEC6958-E1A2-4630-96C5-D98CFB0D89D9}.Debug|Any CPU.ActiveCfg = Debug|Any CPU
		{DAEC6958-E1A2-4630-96C5-D98CFB0D89D9}.Debug|Any CPU.Build.0 = Debug|Any CPU
		{DAEC6958-E1A2-4630-96C5-D98CFB0D89D9}.Release|Any CPU.ActiveCfg = Release|Any CPU
		{DAEC6958-E1A2-4630-96C5-D98CFB0D89D9}.Release|Any CPU.Build.0 = Release|Any CPU
	EndGlobalSection
	GlobalSection(SolutionProperties) = preSolution
		HideSolutionNode = FALSE
	EndGlobalSection
	GlobalSection(ExtensibilityGlobals) = postSolution
		SolutionGuid = {38B07DD6-AF00-4505-AFDD-1757F4F074A8}
	EndGlobalSection
EndGlobal
